
Microsoft Visual Studio Solution File, Format Version 12.00
# Visual Studio 2015
Project("{FAE04EC0-301F-11D3-BF4B-00C04F79EFBC}") = "Ludum Dare 35.CSharp.Plugins", "Ludum Dare 35.CSharp.Plugins.csproj", "{80B90A42-BC6E-01E8-DA99-8811577B8E29}"
EndProject
Project("{FAE04EC0-301F-11D3-BF4B-00C04F79EFBC}") = "Ludum Dare 35.CSharp", "Ludum Dare 35.CSharp.csproj", "{7464D9AD-607E-41D6-CF90-1ACDD13DE622}"
EndProject
Project("{FAE04EC0-301F-11D3-BF4B-00C04F79EFBC}") = "Ludum Dare 35.CSharp.Editor", "Ludum Dare 35.CSharp.Editor.csproj", "{4E21FE0D-1B9E-1A48-E930-3E10BED29238}"
EndProject
Global
	GlobalSection(SolutionConfigurationPlatforms) = preSolution
		Debug|Any CPU = Debug|Any CPU
		Release|Any CPU = Release|Any CPU
	EndGlobalSection
	GlobalSection(ProjectConfigurationPlatforms) = postSolution
		{80B90A42-BC6E-01E8-DA99-8811577B8E29}.Debug|Any CPU.ActiveCfg = Debug|Any CPU
		{80B90A42-BC6E-01E8-DA99-8811577B8E29}.Debug|Any CPU.Build.0 = Debug|Any CPU
		{80B90A42-BC6E-01E8-DA99-8811577B8E29}.Release|Any CPU.ActiveCfg = Release|Any CPU
		{80B90A42-BC6E-01E8-DA99-8811577B8E29}.Release|Any CPU.Build.0 = Release|Any CPU
		{7464D9AD-607E-41D6-CF90-1ACDD13DE622}.Debug|Any CPU.ActiveCfg = Debug|Any CPU
		{7464D9AD-607E-41D6-CF90-1ACDD13DE622}.Debug|Any CPU.Build.0 = Debug|Any CPU
		{7464D9AD-607E-41D6-CF90-1ACDD13DE622}.Release|Any CPU.ActiveCfg = Release|Any CPU
		{7464D9AD-607E-41D6-CF90-1ACDD13DE622}.Release|Any CPU.Build.0 = Release|Any CPU
		{4E21FE0D-1B9E-1A48-E930-3E10BED29238}.Debug|Any CPU.ActiveCfg = Debug|Any CPU
		{4E21FE0D-1B9E-1A48-E930-3E10BED29238}.Debug|Any CPU.Build.0 = Debug|Any CPU
		{4E21FE0D-1B9E-1A48-E930-3E10BED29238}.Release|Any CPU.ActiveCfg = Release|Any CPU
		{4E21FE0D-1B9E-1A48-E930-3E10BED29238}.Release|Any CPU.Build.0 = Release|Any CPU
	EndGlobalSection
	GlobalSection(SolutionProperties) = preSolution
		HideSolutionNode = FALSE
	EndGlobalSection
EndGlobal
